[[package]]
name = "aiohttp"
version = "3.8.3"
description = "Async http client/server framework (asyncio)"
category = "main"
optional = false
python-versions = ">=3.6"

[package.dependencies]
aiosignal = ">=1.1.2"
async-timeout = ">=4.0.0a3,<5.0"
attrs = ">=17.3.0"
charset-normalizer = ">=2.0,<3.0"
frozenlist = ">=1.1.1"
multidict = ">=4.5,<7.0"
yarl = ">=1.0,<2.0"

[package.extras]
speedups = ["aiodns", "brotli", "cchardet"]

[[package]]
name = "aiosignal"
version = "1.3.1"
description = "aiosignal: a list of registered asynchronous callbacks"
category = "main"
optional = false
python-versions = ">=3.7"

[package.dependencies]
frozenlist = ">=1.1.0"

[[package]]
name = "altgraph"
version = "0.17.3"
description = "Python graph (network) package"
category = "main"
optional = false
python-versions = "*"

[[package]]
name = "async-timeout"
version = "4.0.2"
description = "Timeout context manager for asyncio programs"
category = "main"
optional = false
python-versions = ">=3.6"

[[package]]
name = "attrs"
version = "22.1.0"
description = "Classes Without Boilerplate"
category = "main"
optional = false
python-versions = ">=3.5"

[package.extras]
tests_no_zope = ["cloudpickle", "pytest-mypy-plugins", "mypy (>=0.900,!=0.940)", "pytest (>=4.3.0)", "pympler", "hypothesis", "coverage[toml] (>=5.0.2)"]
tests = ["cloudpickle", "zope.interface", "pytest-mypy-plugins", "mypy (>=0.900,!=0.940)", "pytest (>=4.3.0)", "pympler", "hypothesis", "coverage[toml] (>=5.0.2)"]
docs = ["sphinx-notfound-page", "zope.interface", "sphinx", "furo"]
dev = ["cloudpickle", "pre-commit", "sphinx-notfound-page", "sphinx", "furo", "zope.interface", "pytest-mypy-plugins", "mypy (>=0.900,!=0.940)", "pytest (>=4.3.0)", "pympler", "hypothesis", "coverage[toml] (>=5.0.2)"]

[[package]]
name = "bidict"
version = "0.22.0"
description = "The bidirectional mapping library for Python."
category = "main"
optional = false
python-versions = ">=3.7"

[[package]]
name = "charset-normalizer"
version = "2.1.1"
description = "The Real First Universal Charset Detector. Open, modern and actively maintained alternative to Chardet."
category = "main"
optional = false
python-versions = ">=3.6.0"

[package.extras]
unicode_backport = ["unicodedata2"]

[[package]]
name = "frozenlist"
version = "1.3.3"
description = "A list-like structure which implements collections.abc.MutableSequence"
category = "main"
optional = false
python-versions = ">=3.7"

[[package]]
name = "future"
version = "0.18.2"
description = "Clean single-source support for Python 3 and 2"
category = "main"
optional = false
python-versions = ">=2.6, !=3.0.*, !=3.1.*, !=3.2.*"

[[package]]
name = "idna"
version = "3.4"
description = "Internationalized Domain Names in Applications (IDNA)"
category = "main"
optional = false
python-versions = ">=3.5"

[[package]]
name = "macholib"
version = "1.16.2"
description = "Mach-O header analysis and editing"
category = "main"
optional = false
python-versions = "*"

[package.dependencies]
altgraph = ">=0.17"

[[package]]
name = "multidict"
version = "6.0.2"
description = "multidict implementation"
category = "main"
optional = false
python-versions = ">=3.7"

[[package]]
name = "numpy"
version = "1.23.5"
description = "NumPy is the fundamental package for array computing with Python."
category = "main"
optional = false
python-versions = ">=3.8"

[[package]]
name = "pefile"
version = "2022.5.30"
description = "Python PE parsing module"
category = "main"
optional = false
python-versions = ">=3.6.0"

[package.dependencies]
future = "*"

[[package]]
name = "pyaml"
version = "21.10.1"
description = "PyYAML-based module to produce pretty and readable YAML-serialized data"
category = "main"
optional = false
python-versions = "*"

[package.dependencies]
PyYAML = "*"

[[package]]
name = "pyinstaller"
version = "5.6.2"
description = "PyInstaller bundles a Python application and all its dependencies into a single package."
category = "main"
optional = false
python-versions = "<3.12,>=3.7"

[package.dependencies]
altgraph = "*"
macholib = {version = ">=1.8", markers = "sys_platform == \"darwin\""}
pefile = {version = ">=2022.5.30", markers = "sys_platform == \"win32\""}
pyinstaller-hooks-contrib = ">=2021.4"
pywin32-ctypes = {version = ">=0.2.0", markers = "sys_platform == \"win32\""}

[package.extras]
encryption = ["tinyaes (>=1.0.0)"]
hook_testing = ["pytest (>=2.7.3)", "execnet (>=1.5.0)", "psutil"]

[[package]]
name = "pyinstaller-hooks-contrib"
version = "2022.13"
description = "Community maintained hooks for PyInstaller"
category = "main"
optional = false
python-versions = ">=3.7"

[[package]]
name = "python-engineio"
version = "4.3.4"
description = "Engine.IO server and client for Python"
category = "main"
optional = false
python-versions = ">=3.6"

[package.extras]
client = ["websocket-client (>=0.54.0)", "requests (>=2.21.0)"]
asyncio_client = ["aiohttp (>=3.4)"]

[[package]]
name = "python-socketio"
version = "5.7.2"
description = "Socket.IO server and client for Python"
category = "main"
optional = false
python-versions = ">=3.6"

[package.dependencies]
bidict = ">=0.21.0"
python-engineio = ">=4.3.0"

[package.extras]
asyncio_client = ["aiohttp (>=3.4)"]
client = ["requests (>=2.21.0)", "websocket-client (>=0.54.0)"]

[[package]]
name = "pywin32-ctypes"
version = "0.2.0"
description = ""
category = "main"
optional = false
python-versions = "*"

[[package]]
name = "pyyaml"
version = "6.0"
description = "YAML parser and emitter for Python"
category = "main"
optional = false
python-versions = ">=3.6"

[[package]]
name = "yarl"
version = "1.8.1"
description = "Yet another URL library"
category = "main"
optional = false
python-versions = ">=3.7"

[package.dependencies]
idna = ">=2.0"
multidict = ">=4.0"

[metadata]
lock-version = "1.1"
python-versions = ">=3.8,<3.11"
content-hash = "1b11c8854406fa469a6f82153275cb3e5ee7277c0aa2476394ba0e1783827a3a"

[metadata.files]
aiohttp = []
aiosignal = []
altgraph = []
async-timeout = []
attrs = []
bidict = []
charset-normalizer = []
frozenlist = []
future = []
idna = []
macholib = []
multidict = []
numpy = []
pefile = []
pyaml = []
pyinstaller = []
pyinstaller-hooks-contrib = []
python-engineio = []
python-socketio = []
pywin32-ctypes = []
pyyaml = []
yarl = []
